
Microsoft Visual Studio Solution File, Format Version 12.00
# Visual Studio Version 17
VisualStudioVersion = 17.5.33530.505
MinimumVisualStudioVersion = 10.0.40219.1
Project("{FAE04EC0-301F-11D3-BF4B-00C04F79EFBC}") = "NewLangInterpreter", "NewLangInterpreter.csproj", "{5525F387-C9D4-4D9D-8808-BFE1D7A6E78F}"
EndProject
Global
	GlobalSection(SolutionConfigurationPlatforms) = preSolution
		Debug|Any CPU = Debug|Any CPU
		Release|Any CPU = Release|Any CPU
	EndGlobalSection
	GlobalSection(ProjectConfigurationPlatforms) = postSolution
		{5525F387-C9D4-4D9D-8808-BFE1D7A6E78F}.Debug|Any CPU.ActiveCfg = Debug|Any CPU
		{5525F387-C9D4-4D9D-8808-BFE1D7A6E78F}.Debug|Any CPU.Build.0 = Debug|Any CPU
		{5525F387-C9D4-4D9D-8808-BFE1D7A6E78F}.Release|Any CPU.ActiveCfg = Release|Any CPU
		{5525F387-C9D4-4D9D-8808-BFE1D7A6E78F}.Release|Any CPU.Build.0 = Release|Any CPU
	EndGlobalSection
	GlobalSection(SolutionProperties) = preSolution
		HideSolutionNode = FALSE
	EndGlobalSection
	GlobalSection(ExtensibilityGlobals) = postSolution
		SolutionGuid = {2C32B019-CB6B-4EA5-965B-6EB4B84A2FD1}
	EndGlobalSection
EndGlobal
